// !$*UTF8*$!
{
	archiveVersion = 1;
	classes = {
	};
	objectVersion = 46;
	objects = {

/* Begin PBXBuildFile section */
		FE386AB71CA77D4600FEAE54 /* main.m in Sources */ = {isa = PBXBuildFile; fileRef = FE386AB61CA77D4600FEAE54 /* main.m */; };
		FE386ABA1CA77D4600FEAE54 /* AppDelegate.m in Sources */ = {isa = PBXBuildFile; fileRef = FE386AB91CA77D4600FEAE54 /* AppDelegate.m */; };
		FE386ABD1CA77D4600FEAE54 /* ViewController.m in Sources */ = {isa = PBXBuildFile; fileRef = FE386ABC1CA77D4600FEAE54 /* ViewController.m */; };
		FE386AC01CA77D4700FEAE54 /* Main.storyboard in Resources */ = {isa = PBXBuildFile; fileRef = FE386ABE1CA77D4700FEAE54 /* Main.storyboard */; };
		FE386AC31CA77D4700FEAE54 /* RequestDemo.xcdatamodeld in Sources */ = {isa = PBXBuildFile; fileRef = FE386AC11CA77D4700FEAE54 /* RequestDemo.xcdatamodeld */; };
		FE386AC51CA77D4700FEAE54 /* Assets.xcassets in Resources */ = {isa = PBXBuildFile; fileRef = FE386AC41CA77D4700FEAE54 /* Assets.xcassets */; };
		FE386AC81CA77D4700FEAE54 /* LaunchScreen.storyboard in Resources */ = {isa = PBXBuildFile; fileRef = FE386AC61CA77D4700FEAE54 /* LaunchScreen.storyboard */; };
		FE386AD31CA77D4700FEAE54 /* RequestDemoTests.m in Sources */ = {isa = PBXBuildFile; fileRef = FE386AD21CA77D4700FEAE54 /* RequestDemoTests.m */; };
		FE386ADE1CA77D4700FEAE54 /* RequestDemoUITests.m in Sources */ = {isa = PBXBuildFile; fileRef = FE386ADD1CA77D4700FEAE54 /* RequestDemoUITests.m */; };
/* End PBXBuildFile section */

/* Begin PBXContainerItemProxy section */
		FE386ACF1CA77D4700FEAE54 /* PBXContainerItemProxy */ = {
			isa = PBXContainerItemProxy;
			containerPortal = FE386AAA1CA77D4600FEAE54 /* Project object */;
			proxyType = 1;
			remoteGlobalIDString = FE386AB11CA77D4600FEAE54;
			remoteInfo = RequestDemo;
		};
		FE386ADA1CA77D4700FEAE54 /* PBXContainerItemProxy */ = {
			isa = PBXContainerItemProxy;
			containerPortal = FE386AAA1CA77D4600FEAE54 /* Project object */;
			proxyType = 1;
			remoteGlobalIDString = FE386AB11CA77D4600FEAE54;
			remoteInfo = RequestDemo;
		};
/* End PBXContainerItemProxy section */

/* Begin PBXFileReference section */
		FE386AB21CA77D4600FEAE54 /* RequestDemo.app */ = {isa = PBXFileReference; explicitFileType = wrapper.application; includeInIndex = 0; path = RequestDemo.app; sourceTree = BUILT_PRODUCTS_DIR; };
		FE386AB61CA77D4600FEAE54 /* main.m */ = {isa = PBXFileReference; lastKnownFileType = sourcecode.c.objc; path = main.m; sourceTree = "<group>"; };
		FE386AB81CA77D4600FEAE54 /* AppDelegate.h */ = {isa = PBXFileReference; lastKnownFileType = sourcecode.c.h; path = AppDelegate.h; sourceTree = "<group>"; };
		FE386AB91CA77D4600FEAE54 /* AppDelegate.m */ = {isa = PBXFileReference; lastKnownFileType = sourcecode.c.objc; path = AppDelegate.m; sourceTree = "<group>"; };
		FE386ABB1CA77D4600FEAE54 /* ViewController.h */ = {isa = PBXFileReference; lastKnownFileType = sourcecode.c.h; path = ViewController.h; sourceTree = "<group>"; };
		FE386ABC1CA77D4600FEAE54 /* ViewController.m */ = {isa = PBXFileReference; lastKnownFileType = sourcecode.c.objc; path = ViewController.m; sourceTree = "<group>"; };
		FE386ABF1CA77D4700FEAE54 /* Base */ = {isa = PBXFileReference; lastKnownFileType = file.storyboard; name = Base; path = Base.lproj/Main.storyboard; sourceTree = "<group>"; };
		FE386AC21CA77D4700FEAE54 /* RequestDemo.xcdatamodel */ = {isa = PBXFileReference; lastKnownFileType = wrapper.xcdatamodel; path = RequestDemo.xcdatamodel; sourceTree = "<group>"; };
		FE386AC41CA77D4700FEAE54 /* Assets.xcassets */ = {isa = PBXFileReference; lastKnownFileType = folder.assetcatalog; path = Assets.xcassets; sourceTree = "<group>"; };
		FE386AC71CA77D4700FEAE54 /* Base */ = {isa = PBXFileReference; lastKnownFileType = file.storyboard; name = Base; path = Base.lproj/LaunchScreen.storyboard; sourceTree = "<group>"; };
		FE386AC91CA77D4700FEAE54 /* Info.plist */ = {isa = PBXFileReference; lastKnownFileType = text.plist.xml; path = Info.plist; sourceTree = "<group>"; };
		FE386ACE1CA77D4700FEAE54 /* RequestDemoTests.xctest */ = {isa = PBXFileReference; explicitFileType = wrapper.cfbundle; includeInIndex = 0; path = RequestDemoTests.xctest; sourceTree = BUILT_PRODUCTS_DIR; };
		FE386AD21CA77D4700FEAE54 /* RequestDemoTests.m */ = {isa = PBXFileReference; lastKnownFileType = sourcecode.c.objc; path = RequestDemoTests.m; sourceTree = "<group>"; };
		FE386AD41CA77D4700FEAE54 /* Info.plist */ = {isa = PBXFileReference; lastKnownFileType = text.plist.xml; path = Info.plist; sourceTree = "<group>"; };
		FE386AD91CA77D4700FEAE54 /* RequestDemoUITests.xctest */ = {isa = PBXFileReference; explicitFileType = wrapper.cfbundle; includeInIndex = 0; path = RequestDemoUITests.xctest; sourceTree = BUILT_PRODUCTS_DIR; };
		FE386ADD1CA77D4700FEAE54 /* RequestDemoUITests.m */ = {isa = PBXFileReference; lastKnownFileType = sourcecode.c.objc; path = RequestDemoUITests.m; sourceTree = "<group>"; };
		FE386ADF1CA77D4700FEAE54 /* Info.plist */ = {isa = PBXFileReference; lastKnownFileType = text.plist.xml; path = Info.plist; sourceTree = "<group>"; };
/* End PBXFileReference section */

/* Begin PBXFrameworksBuildPhase section */
		FE386AAF1CA77D4600FEAE54 /* Frameworks */ = {
			isa = PBXFrameworksBuildPhase;
			buildActionMask = 2147483647;
			files = (
			);
			runOnlyForDeploymentPostprocessing = 0;
		};
		FE386ACB1CA77D4700FEAE54 /* Frameworks */ = {
			isa = PBXFrameworksBuildPhase;
			buildActionMask = 2147483647;
			files = (
			);
			runOnlyForDeploymentPostprocessing = 0;
		};
		FE386AD61CA77D4700FEAE54 /* Frameworks */ = {
			isa = PBXFrameworksBuildPhase;
			buildActionMask = 2147483647;
			files = (
			);
			runOnlyForDeploymentPostprocessing = 0;
		};
/* End PBXFrameworksBuildPhase section */

/* Begin PBXGroup section */
		FE386AA91CA77D4600FEAE54 = {
			isa = PBXGroup;
			children = (
				FE386AB41CA77D4600FEAE54 /* RequestDemo */,
				FE386AD11CA77D4700FEAE54 /* RequestDemoTests */,
				FE386ADC1CA77D4700FEAE54 /* RequestDemoUITests */,
				FE386AB31CA77D4600FEAE54 /* Products */,
			);
			sourceTree = "<group>";
		};
		FE386AB31CA77D4600FEAE54 /* Products */ = {
			isa = PBXGroup;
			children = (
				FE386AB21CA77D4600FEAE54 /* RequestDemo.app */,
				FE386ACE1CA77D4700FEAE54 /* RequestDemoTests.xctest */,
				FE386AD91CA77D4700FEAE54 /* RequestDemoUITests.xctest */,
			);
			name = Products;
			sourceTree = "<group>";
		};
		FE386AB41CA77D4600FEAE54 /* RequestDemo */ = {
			isa = PBXGroup;
			children = (
				FE386AB81CA77D4600FEAE54 /* AppDelegate.h */,
				FE386AB91CA77D4600FEAE54 /* AppDelegate.m */,
				FE386ABB1CA77D4600FEAE54 /* ViewController.h */,
				FE386ABC1CA77D4600FEAE54 /* ViewController.m */,
				FE386ABE1CA77D4700FEAE54 /* Main.storyboard */,
				FE386AC41CA77D4700FEAE54 /* Assets.xcassets */,
				FE386AC61CA77D4700FEAE54 /* LaunchScreen.storyboard */,
				FE386AC91CA77D4700FEAE54 /* Info.plist */,
				FE386AC11CA77D4700FEAE54 /* RequestDemo.xcdatamodeld */,
				FE386AB51CA77D4600FEAE54 /* Supporting Files */,
			);
			path = RequestDemo;
			sourceTree = "<group>";
		};
		FE386AB51CA77D4600FEAE54 /* Supporting Files */ = {
			isa = PBXGroup;
			children = (
				FE386AB61CA77D4600FEAE54 /* main.m */,
			);
			name = "Supporting Files";
			sourceTree = "<group>";
		};
		FE386AD11CA77D4700FEAE54 /* RequestDemoTests */ = {
			isa = PBXGroup;
			children = (
				FE386AD21CA77D4700FEAE54 /* RequestDemoTests.m */,
				FE386AD41CA77D4700FEAE54 /* Info.plist */,
			);
			path = RequestDemoTests;
			sourceTree = "<group>";
		};
		FE386ADC1CA77D4700FEAE54 /* RequestDemoUITests */ = {
			isa = PBXGroup;
			children = (
				FE386ADD1CA77D4700FEAE54 /* RequestDemoUITests.m */,
				FE386ADF1CA77D4700FEAE54 /* Info.plist */,
			);
			path = RequestDemoUITests;
			sourceTree = "<group>";
		};
/* End PBXGroup section */

/* Begin PBXNativeTarget section */
		FE386AB11CA77D4600FEAE54 /* RequestDemo */ = {
			isa = PBXNativeTarget;
			buildConfigurationList = FE386AE21CA77D4700FEAE54 /* Build configuration list for PBXNativeTarget "RequestDemo" */;
			buildPhases = (
				FE386AAE1CA77D4600FEAE54 /* Sources */,
				FE386AAF1CA77D4600FEAE54 /* Frameworks */,
				FE386AB01CA77D4600FEAE54 /* Resources */,
			);
			buildRules = (
			);
			dependencies = (
			);
			name = RequestDemo;
			productName = RequestDemo;
			productReference = FE386AB21CA77D4600FEAE54 /* RequestDemo.app */;
			productType = "com.apple.product-type.application";
		};
		FE386ACD1CA77D4700FEAE54 /* RequestDemoTests */ = {
			isa = PBXNativeTarget;
			buildConfigurationList = FE386AE51CA77D4700FEAE54 /* Build configuration list for PBXNativeTarget "RequestDemoTests" */;
			buildPhases = (
				FE386ACA1CA77D4700FEAE54 /* Sources */,
				FE386ACB1CA77D4700FEAE54 /* Frameworks */,
				FE386ACC1CA77D4700FEAE54 /* Resources */,
			);
			buildRules = (
			);
			dependencies = (
				FE386AD01CA77D4700FEAE54 /* PBXTargetDependency */,
			);
			name = RequestDemoTests;
			productName = RequestDemoTests;
			productReference = FE386ACE1CA77D4700FEAE54 /* RequestDemoTests.xctest */;
			productType = "com.apple.product-type.bundle.unit-test";
		};
		FE386AD81CA77D4700FEAE54 /* RequestDemoUITests */ = {
			isa = PBXNativeTarget;
			buildConfigurationList = FE386AE81CA77D4700FEAE54 /* Build configuration list for PBXNativeTarget "RequestDemoUITests" */;
			buildPhases = (
				FE386AD51CA77D4700FEAE54 /* Sources */,
				FE386AD61CA77D4700FEAE54 /* Frameworks */,
				FE386AD71CA77D4700FEAE54 /* Resources */,
			);
			buildRules = (
			);
			dependencies = (
				FE386ADB1CA77D4700FEAE54 /* PBXTargetDependency */,
			);
			name = RequestDemoUITests;
			productName = RequestDemoUITests;
			productReference = FE386AD91CA77D4700FEAE54 /* RequestDemoUITests.xctest */;
			productType = "com.apple.product-type.bundle.ui-testing";
		};
/* End PBXNativeTarget section */

/* Begin PBXProject section */
		FE386AAA1CA77D4600FEAE54 /* Project object */ = {
			isa = PBXProject;
			attributes = {
				LastUpgradeCheck = 0720;
				ORGANIZATIONNAME = "Larry（Lawrence）";
				TargetAttributes = {
					FE386AB11CA77D4600FEAE54 = {
						CreatedOnToolsVersion = 7.2.1;
					};
					FE386ACD1CA77D4700FEAE54 = {
						CreatedOnToolsVersion = 7.2.1;
						TestTargetID = FE386AB11CA77D4600FEAE54;
					};
					FE386AD81CA77D4700FEAE54 = {
						CreatedOnToolsVersion = 7.2.1;
						TestTargetID = FE386AB11CA77D4600FEAE54;
					};
				};
			};
			buildConfigurationList = FE386AAD1CA77D4600FEAE54 /* Build configuration list for PBXProject "RequestDemo" */;
			compatibilityVersion = "Xcode 3.2";
			developmentRegion = English;
			hasScannedForEncodings = 0;
			knownRegions = (
				en,
				Base,
			);
			mainGroup = FE386AA91CA77D4600FEAE54;
			productRefGroup = FE386AB31CA77D4600FEAE54 /* Products */;
			projectDirPath = "";
			projectRoot = "";
			targets = (
				FE386AB11CA77D4600FEAE54 /* RequestDemo */,
				FE386ACD1CA77D4700FEAE54 /* RequestDemoTests */,
				FE386AD81CA77D4700FEAE54 /* RequestDemoUITests */,
			);
		};
/* End PBXProject section */

/* Begin PBXResourcesBuildPhase section */
		FE386AB01CA77D4600FEAE54 /* Resources */ = {
			isa = PBXResourcesBuildPhase;
			buildActionMask = 2147483647;
			files = (
				FE386AC81CA77D4700FEAE54 /* LaunchScreen.storyboard in Resources */,
				FE386AC51CA77D4700FEAE54 /* Assets.xcassets in Resources */,
				FE386AC01CA77D4700FEAE54 /* Main.storyboard in Resources */,
			);
			runOnlyForDeploymentPostprocessing = 0;
		};
		FE386ACC1CA77D4700FEAE54 /* Resources */ = {
			isa = PBXResourcesBuildPhase;
			buildActionMask = 2147483647;
			files = (
			);
			runOnlyForDeploymentPostprocessing = 0;
		};
		FE386AD71CA77D4700FEAE54 /* Resources */ = {
			isa = PBXResourcesBuildPhase;
			buildActionMask = 2147483647;
			files = (
			);
			runOnlyForDeploymentPostprocessing = 0;
		};
/* End PBXResourcesBuildPhase section */

/* Begin PBXSourcesBuildPhase section */
		FE386AAE1CA77D4600FEAE54 /* Sources */ = {
			isa = PBXSourcesBuildPhase;
			buildActionMask = 2147483647;
			files = (
				FE386ABD1CA77D4600FEAE54 /* ViewController.m in Sources */,
				FE386ABA1CA77D4600FEAE54 /* AppDelegate.m in Sources */,
				FE386AC31CA77D4700FEAE54 /* RequestDemo.xcdatamodeld in Sources */,
				FE386AB71CA77D4600FEAE54 /* main.m in Sources */,
			);
			runOnlyForDeploymentPostprocessing = 0;
		};
		FE386ACA1CA77D4700FEAE54 /* Sources */ = {
			isa = PBXSourcesBuildPhase;
			buildActionMask = 2147483647;
			files = (
				FE386AD31CA77D4700FEAE54 /* RequestDemoTests.m in Sources */,
			);
			runOnlyForDeploymentPostprocessing = 0;
		};
		FE386AD51CA77D4700FEAE54 /* Sources */ = {
			isa = PBXSourcesBuildPhase;
			buildActionMask = 2147483647;
			files = (
				FE386ADE1CA77D4700FEAE54 /* RequestDemoUITests.m in Sources */,
			);
			runOnlyForDeploymentPostprocessing = 0;
		};
/* End PBXSourcesBuildPhase section */

/* Begin PBXTargetDependency section */
		FE386AD01CA77D4700FEAE54 /* PBXTargetDependency */ = {
			isa = PBXTargetDependency;
			target = FE386AB11CA77D4600FEAE54 /* RequestDemo */;
			targetProxy = FE386ACF1CA77D4700FEAE54 /* PBXContainerItemProxy */;
		};
		FE386ADB1CA77D4700FEAE54 /* PBXTargetDependency */ = {
			isa = PBXTargetDependency;
			target = FE386AB11CA77D4600FEAE54 /* RequestDemo */;
			targetProxy = FE386ADA1CA77D4700FEAE54 /* PBXContainerItemProxy */;
		};
/* End PBXTargetDependency section */

/* Begin PBXVariantGroup section */
		FE386ABE1CA77D4700FEAE54 /* Main.storyboard */ = {
			isa = PBXVariantGroup;
			children = (
				FE386ABF1CA77D4700FEAE54 /* Base */,
			);
			name = Main.storyboard;
			sourceTree = "<group>";
		};
		FE386AC61CA77D4700FEAE54 /* LaunchScreen.storyboard */ = {
			isa = PBXVariantGroup;
			children = (
				FE386AC71CA77D4700FEAE54 /* Base */,
			);
			name = LaunchScreen.storyboard;
			sourceTree = "<group>";
		};
/* End PBXVariantGroup section */

/* Begin XCBuildConfiguration section */
		FE386AE01CA77D4700FEAE54 /* Debug */ = {
			isa = XCBuildConfiguration;
			buildSettings = {
				ALWAYS_SEARCH_USER_PATHS = NO;
				CLANG_CXX_LANGUAGE_STANDARD = "gnu++0x";
				CLANG_CXX_LIBRARY = "libc++";
				CLANG_ENABLE_MODULES = YES;
				CLANG_ENABLE_OBJC_ARC = YES;
				CLANG_WARN_BOOL_CONVERSION = YES;
				CLANG_WARN_CONSTANT_CONVERSION = YES;
				CLANG_WARN_DIRECT_OBJC_ISA_USAGE = YES_ERROR;
				CLANG_WARN_EMPTY_BODY = YES;
				CLANG_WARN_ENUM_CONVERSION = YES;
				CLANG_WARN_INT_CONVERSION = YES;
				CLANG_WARN_OBJC_ROOT_CLASS = YES_ERROR;
				CLANG_WARN_UNREACHABLE_CODE = YES;
				CLANG_WARN__DUPLICATE_METHOD_MATCH = YES;
				"CODE_SIGN_IDENTITY[sdk=iphoneos*]" = "iPhone Developer";
				COPY_PHASE_STRIP = NO;
				DEBUG_INFORMATION_FORMAT = dwarf;
				ENABLE_STRICT_OBJC_MSGSEND = YES;
				ENABLE_TESTABILITY = YES;
				GCC_C_LANGUAGE_STANDARD = gnu99;
				GCC_DYNAMIC_NO_PIC = NO;
				GCC_NO_COMMON_BLOCKS = YES;
				GCC_OPTIMIZATION_LEVEL = 0;
				GCC_PREPROCESSOR_DEFINITIONS = (
					"DEBUG=1",
					"$(inherited)",
				);
				GCC_WARN_64_TO_32_BIT_CONVERSION = YES;
				GCC_WARN_ABOUT_RETURN_TYPE = YES_ERROR;
				GCC_WARN_UNDECLARED_SELECTOR = YES;
				GCC_WARN_UNINITIALIZED_AUTOS = YES_AGGRESSIVE;
				GCC_WARN_UNUSED_FUNCTION = YES;
				GCC_WARN_UNUSED_VARIABLE = YES;
				IPHONEOS_DEPLOYMENT_TARGET = 9.2;
				MTL_ENABLE_DEBUG_INFO = YES;
				ONLY_ACTIVE_ARCH = YES;
				SDKROOT = iphoneos;
			};
			name = Debug;
		};
		FE386AE11CA77D4700FEAE54 /* Release */ = {
			isa = XCBuildConfiguration;
			buildSettings = {
				ALWAYS_SEARCH_USER_PATHS = NO;
				CLANG_CXX_LANGUAGE_STANDARD = "gnu++0x";
				CLANG_CXX_LIBRARY = "libc++";
				CLANG_ENABLE_MODULES = YES;
				CLANG_ENABLE_OBJC_ARC = YES;
				CLANG_WARN_BOOL_CONVERSION = YES;
				CLANG_WARN_CONSTANT_CONVERSION = YES;
				CLANG_WARN_DIRECT_OBJC_ISA_USAGE = YES_ERROR;
				CLANG_WARN_EMPTY_BODY = YES;
				CLANG_WARN_ENUM_CONVERSION = YES;
				CLANG_WARN_INT_CONVERSION = YES;
				CLANG_WARN_OBJC_ROOT_CLASS = YES_ERROR;
				CLANG_WARN_UNREACHABLE_CODE = YES;
				CLANG_WARN__DUPLICATE_METHOD_MATCH = YES;
				"CODE_SIGN_IDENTITY[sdk=iphoneos*]" = "iPhone Developer";
				COPY_PHASE_STRIP = NO;
				DEBUG_INFORMATION_FORMAT = "dwarf-with-dsym";
				ENABLE_NS_ASSERTIONS = NO;
				ENABLE_STRICT_OBJC_MSGSEND = YES;
				GCC_C_LANGUAGE_STANDARD = gnu99;
				GCC_NO_COMMON_BLOCKS = YES;
				GCC_WARN_64_TO_32_BIT_CONVERSION = YES;
				GCC_WARN_ABOUT_RETURN_TYPE = YES_ERROR;
				GCC_WARN_UNDECLARED_SELECTOR = YES;
				GCC_WARN_UNINITIALIZED_AUTOS = YES_AGGRESSIVE;
				GCC_WARN_UNUSED_FUNCTION = YES;
				GCC_WARN_UNUSED_VARIABLE = YES;
				IPHONEOS_DEPLOYMENT_TARGET = 9.2;
				MTL_ENABLE_DEBUG_INFO = NO;
				SDKROOT = iphoneos;
				VALIDATE_PRODUCT = YES;
			};
			name = Release;
		};
		FE386AE31CA77D4700FEAE54 /* Debug */ = {
			isa = XCBuildConfiguration;
			buildSettings = {
				ASSETCATALOG_COMPILER_APPICON_NAME = AppIcon;
				INFOPLIST_FILE = RequestDemo/Info.plist;
				LD_RUNPATH_SEARCH_PATHS = "$(inherited) @executable_path/Frameworks";
				PRODUCT_BUNDLE_IDENTIFIER = Larry.RequestDemo;
				PRODUCT_NAME = "$(TARGET_NAME)";
			};
			name = Debug;
		};
		FE386AE41CA77D4700FEAE54 /* Release */ = {
			isa = XCBuildConfiguration;
			buildSettings = {
				ASSETCATALOG_COMPILER_APPICON_NAME = AppIcon;
				INFOPLIST_FILE = RequestDemo/Info.plist;
				LD_RUNPATH_SEARCH_PATHS = "$(inherited) @executable_path/Frameworks";
				PRODUCT_BUNDLE_IDENTIFIER = Larry.RequestDemo;
				PRODUCT_NAME = "$(TARGET_NAME)";
			};
			name = Release;
		};
		FE386AE61CA77D4700FEAE54 /* Debug */ = {
			isa = XCBuildConfiguration;
			buildSettings = {
				BUNDLE_LOADER = "$(TEST_HOST)";
				INFOPLIST_FILE = RequestDemoTests/Info.plist;
				LD_RUNPATH_SEARCH_PATHS = "$(inherited) @executable_path/Frameworks @loader_path/Frameworks";
				PRODUCT_BUNDLE_IDENTIFIER = Larry.RequestDemoTests;
				PRODUCT_NAME = "$(TARGET_NAME)";
				TEST_HOST = "$(BUILT_PRODUCTS_DIR)/RequestDemo.app/RequestDemo";
			};
			name = Debug;
		};
		FE386AE71CA77D4700FEAE54 /* Release */ = {
			isa = XCBuildConfiguration;
			buildSettings = {
				BUNDLE_LOADER = "$(TEST_HOST)";
				INFOPLIST_FILE = RequestDemoTests/Info.plist;
				LD_RUNPATH_SEARCH_PATHS = "$(inherited) @executable_path/Frameworks @loader_path/Frameworks";
				PRODUCT_BUNDLE_IDENTIFIER = Larry.RequestDemoTests;
				PRODUCT_NAME = "$(TARGET_NAME)";
				TEST_HOST = "$(BUILT_PRODUCTS_DIR)/RequestDemo.app/RequestDemo";
			};
			name = Release;
		};
		FE386AE91CA77D4700FEAE54 /* Debug */ = {
			isa = XCBuildConfiguration;
			buildSettings = {
				INFOPLIST_FILE = RequestDemoUITests/Info.plist;
				LD_RUNPATH_SEARCH_PATHS = "$(inherited) @executable_path/Frameworks @loader_path/Frameworks";
				PRODUCT_BUNDLE_IDENTIFIER = Larry.RequestDemoUITests;
				PRODUCT_NAME = "$(TARGET_NAME)";
				TEST_TARGET_NAME = RequestDemo;
				USES_XCTRUNNER = YES;
			};
			name = Debug;
		};
		FE386AEA1CA77D4700FEAE54 /* Release */ = {
			isa = XCBuildConfiguration;
			buildSettings = {
				INFOPLIST_FILE = RequestDemoUITests/Info.plist;
				LD_RUNPATH_SEARCH_PATHS = "$(inherited) @executable_path/Frameworks @loader_path/Frameworks";
				PRODUCT_BUNDLE_IDENTIFIER = Larry.RequestDemoUITests;
				PRODUCT_NAME = "$(TARGET_NAME)";
				TEST_TARGET_NAME = RequestDemo;
				USES_XCTRUNNER = YES;
			};
			name = Release;
		};
/* End XCBuildConfiguration section */

/* Begin XCConfigurationList section */
		FE386AAD1CA77D4600FEAE54 /* Build configuration list for PBXProject "RequestDemo" */ = {
			isa = XCConfigurationList;
			buildConfigurations = (
				FE386AE01CA77D4700FEAE54 /* Debug */,
				FE386AE11CA77D4700FEAE54 /* Release */,
			);
			defaultConfigurationIsVisible = 0;
			defaultConfigurationName = Release;
		};
		FE386AE21CA77D4700FEAE54 /* Build configuration list for PBXNativeTarget "RequestDemo" */ = {
			isa = XCConfigurationList;
			buildConfigurations = (
				FE386AE31CA77D4700FEAE54 /* Debug */,
				FE386AE41CA77D4700FEAE54 /* Release */,
			);
			defaultConfigurationIsVisible = 0;
		};
		FE386AE51CA77D4700FEAE54 /* Build configuration list for PBXNativeTarget "RequestDemoTests" */ = {
			isa = XCConfigurationList;
			buildConfigurations = (
				FE386AE61CA77D4700FEAE54 /* Debug */,
				FE386AE71CA77D4700FEAE54 /* Release */,
			);
			defaultConfigurationIsVisible = 0;
		};
		FE386AE81CA77D4700FEAE54 /* Build configuration list for PBXNativeTarget "RequestDemoUITests" */ = {
			isa = XCConfigurationList;
			buildConfigurations = (
				FE386AE91CA77D4700FEAE54 /* Debug */,
				FE386AEA1CA77D4700FEAE54 /* Release */,
			);
			defaultConfigurationIsVisible = 0;
		};
/* End XCConfigurationList section */

/* Begin XCVersionGroup section */
		FE386AC11CA77D4700FEAE54 /* RequestDemo.xcdatamodeld */ = {
			isa = XCVersionGroup;
			children = (
				FE386AC21CA77D4700FEAE54 /* RequestDemo.xcdatamodel */,
			);
			currentVersion = FE386AC21CA77D4700FEAE54 /* RequestDemo.xcdatamodel */;
			path = RequestDemo.xcdatamodeld;
			sourceTree = "<group>";
			versionGroupType = wrapper.xcdatamodel;
		};
/* End XCVersionGroup section */
	};
	rootObject = FE386AAA1CA77D4600FEAE54 /* Project object */;
}
